{
  "name": "client",
  "version": "1.0.0",
  "lockfileVersion": 3,
  "requires": true,
  "packages": {
    "": {
      "name": "client",
      "version": "1.0.0",
      "license": "ISC",
      "dependencies": {
        "@shopify/app-bridge-react": "^4.2.10",
        "@shopify/polaris": "^13.9.5",
        "base64url": "^3.0.1",
        "csstype": "^3.2.3",
        "deepmerge": "^4.3.1",
        "js-tokens": "^4.0.0",
        "loose-envify": "^1.4.0",
        "object-assign": "^4.1.1",
        "prop-types": "^15.8.1",
        "react": "^18.3.1",
        "react-dom": "^18.3.1",
        "react-fast-compare": "^3.2.2",
        "react-is": "^16.13.1",
        "scheduler": "^0.27.0"
      },
      "devDependencies": {}
    },
    "node_modules/@shopify/app-bridge-react": {
      "version": "4.2.10",
      "resolved": "https://registry.npmjs.org/@shopify/app-bridge-react/-/app-bridge-react-4.2.10.tgz",
      "integrity": "sha512-/VhfsxIvWcK7w5rBY97WdSTApLEg+Z2dT9Zc+idAUiAi48R64nYalXDUG8ar5xRoINHFC/w+9WxYViAazpgfew==",
      "license": "MIT",
      "dependencies": {
        "@shopify/app-bridge-types": "0.7.0"
      },
      "peerDependencies": {
        "react": "*",
        "react-dom": "*"
      }
    },
    "node_modules/@shopify/app-bridge-types": {
      "version": "0.7.0",
      "resolved": "https://registry.npmjs.org/@shopify/app-bridge-types/-/app-bridge-types-0.7.0.tgz",
      "integrity": "sha512-A/DiGIjCBdd45ijMDKLgXrrGG68so3d25Yaeo0lv8ruWeljHGn3sA+UU1o/5BptSPkikDkgPPl8EQDxe4/KShw==",
      "license": "ISC",
      "dependencies": {
        "@standard-schema/spec": "^1.0.0"
      }
    },
    "node_modules/@shopify/polaris": {
      "version": "13.9.5",
      "resolved": "https://registry.npmjs.org/@shopify/polaris/-/polaris-13.9.5.tgz",
      "integrity": "sha512-UN+rT2q1r/uF0Xia8MaCl2nDxatuzbjunS5WYcv4qw8VBvThTxDVURgpwOuvutSrvu138pwScOAah933vqlYkg==",
      "license": "SEE LICENSE IN LICENSE.md",
      "dependencies": {
        "@shopify/polaris-icons": "^9.3.1",
        "@shopify/polaris-tokens": "^9.4.2",
        "@types/react": "*",
        "@types/react-dom": "*",
        "@types/react-transition-group": "^4.4.2",
        "react-fast-compare": "^3.2.0",
        "react-transition-group": "^4.4.2"
      },
      "engines": {
        "node": ">=20.10.0"
      },
      "peerDependencies": {
        "react": "^18.0.0",
        "react-dom": "^18.0.0"
      }
    },
    "node_modules/@shopify/polaris-icons": {
      "version": "9.3.1",
      "resolved": "https://registry.npmjs.org/@shopify/polaris-icons/-/polaris-icons-9.3.1.tgz",
      "integrity": "sha512-16BIFAT93LJ8X4YRXz5cR9ZPHeErMg3DYS0gyTPNPkd0E5IBPoTxPINjn2b4Mr9Sc1x4RfI4AqPcV8ut0D1J5w==",
      "license": "SEE LICENSE IN LICENSE.md",
      "engines": {
        "node": ">=20.10.0"
      },
      "peerDependencies": {
        "react": "*"
      }
    },
    "node_modules/@shopify/polaris-tokens": {
      "version": "9.4.2",
      "resolved": "https://registry.npmjs.org/@shopify/polaris-tokens/-/polaris-tokens-9.4.2.tgz",
      "integrity": "sha512-WNoDWLYFj38Cj0FolbNsLaY54JbjuYoO0qsLCj6yBb3Bkg4BEdAjOHji9AktL9IZGPsNhTcMp2/8CfzKtSHg2A==",
      "license": "SEE LICENSE IN LICENSE.md",
      "dependencies": {
        "deepmerge": "^4.3.1"
      },
      "engines": {
        "node": ">=20.10.0"
      }
    },
    "node_modules/@standard-schema/spec": {
      "version": "1.1.0",
      "license": "MIT"
    },
    "node_modules/@types/react": {
      "version": "19.2.14",
      "license": "MIT",
      "dependencies": {
        "csstype": "^3.2.2"
      }
    },
    "node_modules/@types/react-dom": {
      "version": "19.2.3",
      "license": "MIT",
      "peerDependencies": {
        "@types/react": "^19.2.0"
      }
    },
    "node_modules/@types/react-transition-group": {
      "version": "4.4.12",
      "resolved": "https://registry.npmjs.org/@types/react-transition-group/-/react-transition-group-4.4.12.tgz",
      "integrity": "sha512-8TV6R3h2j7a91c+1DXdJi3Syo69zzIZbz7Lg5tORM5LEJG7X/E6a1V3drRyBRZq7/utz7A+c4OgYLiLcYGHG6w==",
      "license": "MIT",
      "peerDependencies": {
        "@types/react": "*"
      }
    },
    "node_modules/base64url": {
      "version": "3.0.1",
      "license": "MIT",
      "engines": {
        "node": ">=6.0.0"
      }
    },
    "node_modules/csstype": {
      "version": "3.2.3",
      "license": "MIT"
    },
    "node_modules/deepmerge": {
      "version": "4.3.1",
      "license": "MIT",
      "engines": {
        "node": ">=0.10.0"
      }
    },
    "node_modules/js-tokens": {
      "version": "4.0.0",
      "license": "MIT"
    },
    "node_modules/loose-envify": {
      "version": "1.4.0",
      "license": "MIT",
      "dependencies": {
        "js-tokens": "^3.0.0 || ^4.0.0"
      },
      "bin": {
        "loose-envify": "cli.js"
      }
    },
    "node_modules/object-assign": {
      "version": "4.1.1",
      "license": "MIT",
      "engines": {
        "node": ">=0.10.0"
      }
    },
    "node_modules/prop-types": {
      "version": "15.8.1",
      "license": "MIT",
      "dependencies": {
        "loose-envify": "^1.4.0",
        "object-assign": "^4.1.1",
        "react-is": "^16.13.1"
      }
    },
    "node_modules/react": {
      "version": "18.3.1",
      "resolved": "https://registry.npmjs.org/react/-/react-18.3.1.tgz",
      "integrity": "sha512-wS+hAgJShR0KhEvPJArfuPVN1+Hz1t0Y6n5jLrGQbkb4urgPE/0Rve+1kMB1v/oWgHgm4WIcV+i7F2pTVj+2iQ==",
      "license": "MIT",
      "dependencies": {
        "loose-envify": "^1.1.0"
      },
      "engines": {
        "node": ">=0.10.0"
      }
    },
    "node_modules/react-dom": {
      "version": "18.3.1",
      "resolved": "https://registry.npmjs.org/react-dom/-/react-dom-18.3.1.tgz",
      "integrity": "sha512-5m4nQKp+rZRb09LNH59GM4BxTh9251/ylbKIbpe7TpGxfJ+9kv6BLkLBXIjjspbgbnIBNqlI23tRnTWT0snUIw==",
      "license": "MIT",
      "dependencies": {
        "loose-envify": "^1.1.0",
        "scheduler": "^0.23.2"
      },
      "peerDependencies": {
        "react": "^18.3.1"
      }
    },
    "node_modules/react-dom/node_modules/scheduler": {
      "version": "0.23.2",
      "resolved": "https://registry.npmjs.org/scheduler/-/scheduler-0.23.2.tgz",
      "integrity": "sha512-UOShsPwz7NrMUqhR6t0hWjFduvOzbtv7toDH1/hIrfRNIDBnnBWd0CwJTGvTpngVlmwGCdP9/Zl/tVrDqcuYzQ==",
      "license": "MIT",
      "dependencies": {
        "loose-envify": "^1.1.0"
      }
    },
    "node_modules/react-fast-compare": {
      "version": "3.2.2",
      "license": "MIT"
    },
    "node_modules/react-is": {
      "version": "16.13.1",
      "license": "MIT"
    },
    "node_modules/react-transition-group": {
      "version": "4.4.5",
      "resolved": "https://registry.npmjs.org/react-transition-group/-/react-transition-group-4.4.5.tgz",
      "integrity": "sha512-pZcd1MCJoiKiBR2NRxeCRg13uCXbydPnmB4EOeRrY7480qNWO8IIgQG6zlDkm6uRMsURXPuKq0GWtiM59a5Q6g==",
      "license": "BSD-3-Clause",
      "dependencies": {
        "@babel/runtime": "^7.5.5",
        "dom-helpers": "^5.0.1",
        "loose-envify": "^1.4.0",
        "prop-types": "^15.6.2"
      },
      "peerDependencies": {
        "react": ">=16.6.0",
        "react-dom": ">=16.6.0"
      }
    },
    "node_modules/react-transition-group/node_modules/@babel/runtime": {
      "version": "7.29.2",
      "resolved": "https://registry.npmjs.org/@babel/runtime/-/runtime-7.29.2.tgz",
      "integrity": "sha512-JiDShH45zKHWyGe4ZNVRrCjBz8Nh9TMmZG1kh4QTK8hCBTWBi8Da+i7s1fJw7/lYpM4ccepSNfqzZ/QvABBi5g==",
      "license": "MIT",
      "engines": {
        "node": ">=6.9.0"
      }
    },
    "node_modules/react-transition-group/node_modules/dom-helpers": {
      "version": "5.2.1",
      "resolved": "https://registry.npmjs.org/dom-helpers/-/dom-helpers-5.2.1.tgz",
      "integrity": "sha512-nRCa7CK3VTrM2NmGkIy4cbK7IZlgBE/PYMn55rrXefr5xXDP0LdtfPnblFDoVdcAfslJ7or6iqAUnx0CCGIWQA==",
      "license": "MIT",
      "dependencies": {
        "@babel/runtime": "^7.8.7",
        "csstype": "^3.0.2"
      }
    },
    "node_modules/scheduler": {
      "version": "0.27.0",
      "license": "MIT"
    }
  }
}
